lockfileVersion: 5.4

specifiers:
  '@googleapis/sheets': 3.0.2
  '@swc-node/register': ^1.5.1
  '@types/node': 18.7.13
  axios: ^0.27.2
  chalk: '4'
  cheerio: 1.0.0-rc.12
  typescript: 4.7.4

dependencies:
  '@googleapis/sheets': 3.0.2
  axios: 0.27.2
  chalk: 4.1.2
  cheerio: 1.0.0-rc.12

devDependencies:
  '@swc-node/register': 1.5.1_typescript@4.7.4
  '@types/node': 18.7.13
  typescript: 4.7.4

packages:

  /@googleapis/sheets/3.0.2:
    resolution: {integrity: sha512-4gpkeMt9cEwUUnL4usbWGkwzR7ikRboUVNmV0U8gH2BdE0lCMFD/eQXiKaxDEtNWxhiwS5SFSVts4xvSinSVHA==}
    engines: {node: '>=10.0.0'}
    dependencies:
      googleapis-common: 5.1.0
    transitivePeerDependencies:
      - encoding
      - supports-color
    dev: false

  /@swc-node/core/1.9.0:
    resolution: {integrity: sha512-vRnvsMtL9OxybA/Wun1ZhlDvB6MNs4Zujnina0VKdGk+yI6s87KUhdTcbAY6dQMZhQTLFiC1Lnv/BuwCKcCEug==}
    engines: {node: '>= 10'}
    dependencies:
      '@swc/core': 1.2.242
    dev: true

  /@swc-node/register/1.5.1_typescript@4.7.4:
    resolution: {integrity: sha512-6IL5s4QShKGs08qAeNou3rDA3gbp2WHk6fo0XnJXQn/aC9k6FnVBbj/thGOIEDtgNhC/DKpZT8tCY1LpQnOZFg==}
    peerDependencies:
      typescript: '>= 4.3'
    dependencies:
      '@swc-node/core': 1.9.0
      '@swc-node/sourcemap-support': 0.2.0
      colorette: 2.0.19
      debug: 4.3.4
      pirates: 4.0.5
      tslib: 2.4.0
      typescript: 4.7.4
    transitivePeerDependencies:
      - supports-color
    dev: true

  /@swc-node/sourcemap-support/0.2.0:
    resolution: {integrity: sha512-FNrxdI6XMYfoNt81L8eFKEm1d8P82I1nPwS3MrnBGzZoMWB+seQhQK+iN6M5RreJxXbfZw5lF86LRjHEQeGMqg==}
    dependencies:
      source-map-support: 0.5.21
    dev: true

  /@swc/core-android-arm-eabi/1.2.242:
    resolution: {integrity: sha512-Ukx1LQAUbPRJdREF9FMgeUwIuRtWJNpPyPF7BWl4hIkw024q75mohMbp3S2wgrF1TsSsEGW37q0DkFxPJ2uJbQ==}
    engines: {node: '>=10'}
    cpu: [arm]
    os: [android]
    requiresBuild: true
    dependencies:
      '@swc/wasm': 1.2.122
    dev: true
    optional: true

  /@swc/core-android-arm64/1.2.242:
    resolution: {integrity: sha512-4E/y+reQWHVCV/0Sn174gsLQyqIKlBWKnwUfPa7MA53VBacp8HTYoPY+iwKPrngsH16gEOC7iByiTJHR/4kirg==}
    engines: {node: '>=10'}
    cpu: [arm64]
    os: [android]
    requiresBuild: true
    dependencies:
      '@swc/wasm': 1.2.130
    dev: true
    optional: true

  /@swc/core-darwin-arm64/1.2.242:
    resolution: {integrity: sha512-nIqtjxdbz0Fe0gFZwCygBwUrGEXj3c4mjHjNeveidVX/6U0HE/EAj+0iXuw8zjJLof8HCMnxq8CzzvhA6gd3ZA==}
    engines: {node: '>=10'}
    cpu: [arm64]
    os: [darwin]
    requiresBuild: true
    dev: true
    optional: true

  /@swc/core-darwin-x64/1.2.242:
    resolution: {integrity: sha512-iZKzI76vYYHD/t8wkQ/uIVuIyxN1eift2nLvUU7/jtmoa6b8DH/45ykB/C3vkuvYVNMiGA8HIjJIzw7RJz5XIQ==}
    engines: {node: '>=10'}
    cpu: [x64]
    os: [darwin]
    requiresBuild: true
    dev: true
    optional: true

  /@swc/core-freebsd-x64/1.2.242:
    resolution: {integrity: sha512-6JNi5/6JDvcTQzBkndELiIlJufWowoI2ZEmXlGIJpiGoj28PEDPwy5LO7KkXa4DnY5L4CSh15idFO/DxV0rGAQ==}
    engines: {node: '>=10'}
    cpu: [x64]
    os: [freebsd]
    requiresBuild: true
    dependencies:
      '@swc/wasm': 1.2.130
    dev: true
    optional: true

  /@swc/core-linux-arm-gnueabihf/1.2.242:
    resolution: {integrity: sha512-NGL9A3cv8PCbeQ1SvPfApNlHvFbf7Jn305sCAy3iZYsmwm+EU4JNlOWXGgRioP7ABhz2kwLhfYs8UMYCDIVq8Q==}
    engines: {node: '>=10'}
    cpu: [arm]
    os: [linux]
    requiresBuild: true
    dependencies:
      '@swc/wasm': 1.2.130
    dev: true
    optional: true

  /@swc/core-linux-arm64-gnu/1.2.242:
    resolution: {integrity: sha512-OJ0kAjgeoRDJlo6Rvd2GnJ92tiIndmC/8krD9gfnQEyAgpR+jajOxbKhyBN/QZPyD2q/TG2LPqxhGYZ79q5mWQ==}
    engines: {node: '>=10'}
    cpu: [arm64]
    os: [linux]
    requiresBuild: true
    dev: true
    optional: true

  /@swc/core-linux-arm64-musl/1.2.242:
    resolution: {integrity: sha512-VqnHSYb1a6xW5ARUx9kq88s1S3XvCw9TvQXsPcN4e5qsugrLzxWLnqIM6VnWW06prxN7pYlWo9QtrtdPfbppmA==}
    engines: {node: '>=10'}
    cpu: [arm64]
    os: [linux]
    requiresBuild: true
    dev: true
    optional: true

  /@swc/core-linux-x64-gnu/1.2.242:
    resolution: {integrity: sha512-DDqVJh0KpgHb+E0563+6PqAYDzYTSwgZXF/fOULwlHC7Yt50a9+ecisTFSHkWc74zPMtq27kMTuZyyLeD3gu7A==}
    engines: {node: '>=10'}
    cpu: [x64]
    os: [linux]
    requiresBuild: true
    dev: true
    optional: true

  /@swc/core-linux-x64-musl/1.2.242:
    resolution: {integrity: sha512-P+9sWgd5eZ6kS1WxOJbCeSgWY7mLP742PhwAzpFrJqCq5nx8Q4FYo4L5mOVNAheYDWldsxR1nKXR1RIMK3S2Lw==}
    engines: {node: '>=10'}
    cpu: [x64]
    os: [linux]
    requiresBuild: true
    dev: true
    optional: true

  /@swc/core-win32-arm64-msvc/1.2.242:
    resolution: {integrity: sha512-W5cevrf5aDJzdE++XeQi1BJKuigC3dlG2NaBUyt3inmep7nli6eoBJdj9Vyg5EPfFOdeI6wQiwOpFvQRoAle8Q==}
    engines: {node: '>=10'}
    cpu: [arm64]
    os: [win32]
    requiresBuild: true
    dependencies:
      '@swc/wasm': 1.2.130
    dev: true
    optional: true

  /@swc/core-win32-ia32-msvc/1.2.242:
    resolution: {integrity: sha512-XRQcgChvY9333hBre9F53EbiVfVu5MkSH4+XIiNMK14Jg8EqQ1nOcd+jvv2sEdEVbufCmBbWNjofUrCoQey60w==}
    engines: {node: '>=10'}
    cpu: [ia32]
    os: [win32]
    requiresBuild: true
    dependencies:
      '@swc/wasm': 1.2.130
    dev: true
    optional: true

  /@swc/core-win32-x64-msvc/1.2.242:
    resolution: {integrity: sha512-Cz1hZOxcfEVgzEr2sYIW9MxT+wEEbYz7aB87ZDmTUpr7vuvBiLMwsYItm8qG847wZeJfa+J7CC+tty5GJOBOOQ==}
    engines: {node: '>=10'}
    cpu: [x64]
    os: [win32]
    requiresBuild: true
    dev: true
    optional: true

  /@swc/core/1.2.242:
    resolution: {integrity: sha512-JQqSYVoLtHtztCNBgeCKyxmqw6AksHsC4WvVSSErLXJx6JXKaog1HFVuzd6rwx2lLCV+zBnbqJFug5OX0g2knw==}
    engines: {node: '>=10'}
    hasBin: true
    requiresBuild: true
    optionalDependencies:
      '@swc/core-android-arm-eabi': 1.2.242
      '@swc/core-android-arm64': 1.2.242
      '@swc/core-darwin-arm64': 1.2.242
      '@swc/core-darwin-x64': 1.2.242
      '@swc/core-freebsd-x64': 1.2.242
      '@swc/core-linux-arm-gnueabihf': 1.2.242
      '@swc/core-linux-arm64-gnu': 1.2.242
      '@swc/core-linux-arm64-musl': 1.2.242
      '@swc/core-linux-x64-gnu': 1.2.242
      '@swc/core-linux-x64-musl': 1.2.242
      '@swc/core-win32-arm64-msvc': 1.2.242
      '@swc/core-win32-ia32-msvc': 1.2.242
      '@swc/core-win32-x64-msvc': 1.2.242
    dev: true

  /@swc/wasm/1.2.122:
    resolution: {integrity: sha512-sM1VCWQxmNhFtdxME+8UXNyPNhxNu7zdb6ikWpz0YKAQQFRGT5ThZgJrubEpah335SUToNg8pkdDF7ibVCjxbQ==}
    requiresBuild: true
    dev: true
    optional: true

  /@swc/wasm/1.2.130:
    resolution: {integrity: sha512-rNcJsBxS70+pv8YUWwf5fRlWX6JoY/HJc25HD/F8m6Kv7XhJdqPPMhyX6TKkUBPAG7TWlZYoxa+rHAjPy4Cj3Q==}
    requiresBuild: true
    dev: true
    optional: true

  /@types/node/18.7.13:
    resolution: {integrity: sha512-46yIhxSe5xEaJZXWdIBP7GU4HDTG8/eo0qd9atdiL+lFpA03y8KS+lkTN834TWJj5767GbWv4n/P6efyTFt1Dw==}
    dev: true

  /abort-controller/3.0.0:
    resolution: {integrity: sha512-h8lQ8tacZYnR3vNQTgibj+tODHI5/+l06Au2Pcriv/Gmet0eaj4TwWH41sO9wnHDiQsEj19q0drzdWdeAHtweg==}
    engines: {node: '>=6.5'}
    dependencies:
      event-target-shim: 5.0.1
    dev: false

  /agent-base/6.0.2:
    resolution: {integrity: sha512-RZNwNclF7+MS/8bDg70amg32dyeZGZxiDuQmZxKLAlQjr3jGyLx+4Kkk58UO7D2QdgFIQCovuSuZESne6RG6XQ==}
    engines: {node: '>= 6.0.0'}
    dependencies:
      debug: 4.3.4
    transitivePeerDependencies:
      - supports-color
    dev: false

  /ansi-styles/4.3.0:
    resolution: {integrity: sha512-zbB9rCJAT1rbjiVDb2hqKFHNYLxgtk8NURxZ3IZwD3F6NtxbXZQCnnSi1Lkx+IDohdPlFp222wVALIheZJQSEg==}
    engines: {node: '>=8'}
    dependencies:
      color-convert: 2.0.1
    dev: false

  /arrify/2.0.1:
    resolution: {integrity: sha512-3duEwti880xqi4eAMN8AyR4a0ByT90zoYdLlevfrvU43vb0YZwZVfxOgxWrLXXXpyugL0hNZc9G6BiB5B3nUug==}
    engines: {node: '>=8'}
    dev: false

  /asynckit/0.4.0:
    resolution: {integrity: sha512-Oei9OH4tRh0YqU3GxhX79dM/mwVgvbZJaSNaRk+bshkj0S5cfHcgYakreBjrHwatXKbz+IoIdYLxrKim2MjW0Q==}
    dev: false

  /axios/0.27.2:
    resolution: {integrity: sha512-t+yRIyySRTp/wua5xEr+z1q60QmLq8ABsS5O9Me1AsE5dfKqgnCFzwiCZZ/cGNd1lq4/7akDWMxdhVlucjmnOQ==}
    dependencies:
      follow-redirects: 1.15.1
      form-data: 4.0.0
    transitivePeerDependencies:
      - debug
    dev: false

  /base64-js/1.5.1:
    resolution: {integrity: sha512-AKpaYlHn8t4SVbOHCy+b5+KKgvR4vrsD8vbvrbiQJps7fKDTkjkDry6ji0rUJjC0kzbNePLwzxq8iypo41qeWA==}
    dev: false

  /bignumber.js/9.1.0:
    resolution: {integrity: sha512-4LwHK4nfDOraBCtst+wOWIHbu1vhvAPJK8g8nROd4iuc3PSEjWif/qwbkh8jwCJz6yDBvtU4KPynETgrfh7y3A==}
    dev: false

  /boolbase/1.0.0:
    resolution: {integrity: sha512-JZOSA7Mo9sNGB8+UjSgzdLtokWAky1zbztM3WRLCbZ70/3cTANmQmOdR7y2g+J0e2WXywy1yS468tY+IruqEww==}
    dev: false

  /buffer-equal-constant-time/1.0.1:
    resolution: {integrity: sha512-zRpUiDwd/xk6ADqPMATG8vc9VPrkck7T07OIx0gnjmJAnHnTVXNQG3vfvWNuiZIkwu9KrKdA1iJKfsfTVxE6NA==}
    dev: false

  /buffer-from/1.1.2:
    resolution: {integrity: sha512-E+XQCRwSbaaiChtv6k6Dwgc+bx+Bs6vuKJHHl5kox/BaKbhiXzqQOwK4cO22yElGp2OCmjwVhT3HmxgyPGnJfQ==}
    dev: true

  /call-bind/1.0.2:
    resolution: {integrity: sha512-7O+FbCihrB5WGbFYesctwmTKae6rOiIzmz1icreWJ+0aA7LJfuqhEso2T9ncpcFtzMQtzXf2QGGueWJGTYsqrA==}
    dependencies:
      function-bind: 1.1.1
      get-intrinsic: 1.1.2
    dev: false

  /chalk/4.1.2:
    resolution: {integrity: sha512-oKnbhFyRIXpUuez8iBMmyEa4nbj4IOQyuhc/wy9kY7/WVPcwIO9VA668Pu8RkO7+0G76SLROeyw9CpQ061i4mA==}
    engines: {node: '>=10'}
    dependencies:
      ansi-styles: 4.3.0
      supports-color: 7.2.0
    dev: false

  /cheerio-select/2.1.0:
    resolution: {integrity: sha512-9v9kG0LvzrlcungtnJtpGNxY+fzECQKhK4EGJX2vByejiMX84MFNQw4UxPJl3bFbTMw+Dfs37XaIkCwTZfLh4g==}
    dependencies:
      boolbase: 1.0.0
      css-select: 5.1.0
      css-what: 6.1.0
      domelementtype: 2.3.0
      domhandler: 5.0.3
      domutils: 3.0.1
    dev: false

  /cheerio/1.0.0-rc.12:
    resolution: {integrity: sha512-VqR8m68vM46BNnuZ5NtnGBKIE/DfN0cRIzg9n40EIq9NOv90ayxLBXA8fXC5gquFRGJSTRqBq25Jt2ECLR431Q==}
    engines: {node: '>= 6'}
    dependencies:
      cheerio-select: 2.1.0
      dom-serializer: 2.0.0
      domhandler: 5.0.3
      domutils: 3.0.1
      htmlparser2: 8.0.1
      parse5: 7.0.0
      parse5-htmlparser2-tree-adapter: 7.0.0
    dev: false

  /color-convert/2.0.1:
    resolution: {integrity: sha512-RRECPsj7iu/xb5oKYcsFHSppFNnsj/52OVTRKb4zP5onXwVF3zVmmToNcOfGC+CRDpfK/U584fMg38ZHCaElKQ==}
    engines: {node: '>=7.0.0'}
    dependencies:
      color-name: 1.1.4
    dev: false

  /color-name/1.1.4:
    resolution: {integrity: sha512-dOy+3AuW3a2wNbZHIuMZpTcgjGuLU/uBL/ubcZF9OXbDo8ff4O8yVp5Bf0efS8uEoYo5q4Fx7dY9OgQGXgAsQA==}
    dev: false

  /colorette/2.0.19:
    resolution: {integrity: sha512-3tlv/dIP7FWvj3BsbHrGLJ6l/oKh1O3TcgBqMn+yyCagOxc23fyzDS6HypQbgxWbkpDnf52p1LuR4eWDQ/K9WQ==}
    dev: true

  /combined-stream/1.0.8:
    resolution: {integrity: sha512-FQN4MRfuJeHf7cBbBMJFXhKSDq+2kAArBlmRBvcvFE5BB1HZKXtSFASDhdlz9zOYwxh8lDdnvmMOe/+5cdoEdg==}
    engines: {node: '>= 0.8'}
    dependencies:
      delayed-stream: 1.0.0
    dev: false

  /css-select/5.1.0:
    resolution: {integrity: sha512-nwoRF1rvRRnnCqqY7updORDsuqKzqYJ28+oSMaJMMgOauh3fvwHqMS7EZpIPqK8GL+g9mKxF1vP/ZjSeNjEVHg==}
    dependencies:
      boolbase: 1.0.0
      css-what: 6.1.0
      domhandler: 5.0.3
      domutils: 3.0.1
      nth-check: 2.1.1
    dev: false

  /css-what/6.1.0:
    resolution: {integrity: sha512-HTUrgRJ7r4dsZKU6GjmpfRK1O76h97Z8MfS1G0FozR+oF2kG6Vfe8JE6zwrkbxigziPHinCJ+gCPjA9EaBDtRw==}
    engines: {node: '>= 6'}
    dev: false

  /debug/4.3.4:
    resolution: {integrity: sha512-PRWFHuSU3eDtQJPvnNY7Jcket1j0t5OuOsFzPPzsekD52Zl8qUfFIPEiswXqIvHWGVHOgX+7G/vCNNhehwxfkQ==}
    engines: {node: '>=6.0'}
    peerDependencies:
      supports-color: '*'
    peerDependenciesMeta:
      supports-color:
        optional: true
    dependencies:
      ms: 2.1.2

  /delayed-stream/1.0.0:
    resolution: {integrity: sha512-ZySD7Nf91aLB0RxL4KGrKHBXl7Eds1DAmEdcoVawXnLD7SDhpNgtuII2aAkg7a7QS41jxPSZ17p4VdGnMHk3MQ==}
    engines: {node: '>=0.4.0'}
    dev: false

  /dom-serializer/2.0.0:
    resolution: {integrity: sha512-wIkAryiqt/nV5EQKqQpo3SToSOV9J0DnbJqwK7Wv/Trc92zIAYZ4FlMu+JPFW1DfGFt81ZTCGgDEabffXeLyJg==}
    dependencies:
      domelementtype: 2.3.0
      domhandler: 5.0.3
      entities: 4.3.1
    dev: false

  /domelementtype/2.3.0:
    resolution: {integrity: sha512-OLETBj6w0OsagBwdXnPdN0cnMfF9opN69co+7ZrbfPGrdpPVNBUj02spi6B1N7wChLQiPn4CSH/zJvXw56gmHw==}
    dev: false

  /domhandler/5.0.3:
    resolution: {integrity: sha512-cgwlv/1iFQiFnU96XXgROh8xTeetsnJiDsTc7TYCLFd9+/WNkIqPTxiM/8pSd8VIrhXGTf1Ny1q1hquVqDJB5w==}
    engines: {node: '>= 4'}
    dependencies:
      domelementtype: 2.3.0
    dev: false

  /domutils/3.0.1:
    resolution: {integrity: sha512-z08c1l761iKhDFtfXO04C7kTdPBLi41zwOZl00WS8b5eiaebNpY00HKbztwBq+e3vyqWNwWF3mP9YLUeqIrF+Q==}
    dependencies:
      dom-serializer: 2.0.0
      domelementtype: 2.3.0
      domhandler: 5.0.3
    dev: false

  /ecdsa-sig-formatter/1.0.11:
    resolution: {integrity: sha512-nagl3RYrbNv6kQkeJIpt6NJZy8twLB/2vtz6yN9Z4vRKHN4/QZJIEbqohALSgwKdnksuY3k5Addp5lg8sVoVcQ==}
    dependencies:
      safe-buffer: 5.2.1
    dev: false

  /entities/4.3.1:
    resolution: {integrity: sha512-o4q/dYJlmyjP2zfnaWDUC6A3BQFmVTX+tZPezK7k0GLSU9QYCauscf5Y+qcEPzKL+EixVouYDgLQK5H9GrLpkg==}
    engines: {node: '>=0.12'}
    dev: false

  /event-target-shim/5.0.1:
    resolution: {integrity: sha512-i/2XbnSz/uxRCU6+NdVJgKWDTM427+MqYbkQzD321DuCQJUqOuJKIA0IM2+W2xtYHdKOmZ4dR6fExsd4SXL+WQ==}
    engines: {node: '>=6'}
    dev: false

  /extend/3.0.2:
    resolution: {integrity: sha512-fjquC59cD7CyW6urNXK0FBufkZcoiGG80wTuPujX590cB5Ttln20E2UB4S/WARVqhXffZl2LNgS+gQdPIIim/g==}
    dev: false

  /fast-text-encoding/1.0.4:
    resolution: {integrity: sha512-x6lDDm/tBAzX9kmsPcZsNbvDs3Zey3+scsxaZElS8xWLgUMAg/oFLeewfUz0mu1CblHhhsu15jGkraldkFh8KQ==}
    dev: false

  /follow-redirects/1.15.1:
    resolution: {integrity: sha512-yLAMQs+k0b2m7cVxpS1VKJVvoz7SS9Td1zss3XRwXj+ZDH00RJgnuLx7E44wx02kQLrdM3aOOy+FpzS7+8OizA==}
    engines: {node: '>=4.0'}
    peerDependencies:
      debug: '*'
    peerDependenciesMeta:
      debug:
        optional: true
    dev: false

  /form-data/4.0.0:
    resolution: {integrity: sha512-ETEklSGi5t0QMZuiXoA/Q6vcnxcLQP5vdugSpuAyi6SVGi2clPPp+xgEhuMaHC+zGgn31Kd235W35f7Hykkaww==}
    engines: {node: '>= 6'}
    dependencies:
      asynckit: 0.4.0
      combined-stream: 1.0.8
      mime-types: 2.1.35
    dev: false

  /function-bind/1.1.1:
    resolution: {integrity: sha512-yIovAzMX49sF8Yl58fSCWJ5svSLuaibPxXQJFLmBObTuCr0Mf1KiPopGM9NiFjiYBCbfaa2Fh6breQ6ANVTI0A==}
    dev: false

  /gaxios/4.3.3:
    resolution: {integrity: sha512-gSaYYIO1Y3wUtdfHmjDUZ8LWaxJQpiavzbF5Kq53akSzvmVg0RfyOcFDbO1KJ/KCGRFz2qG+lS81F0nkr7cRJA==}
    engines: {node: '>=10'}
    dependencies:
      abort-controller: 3.0.0
      extend: 3.0.2
      https-proxy-agent: 5.0.1
      is-stream: 2.0.1
      node-fetch: 2.6.7
    transitivePeerDependencies:
      - encoding
      - supports-color
    dev: false

  /gcp-metadata/4.3.1:
    resolution: {integrity: sha512-x850LS5N7V1F3UcV7PoupzGsyD6iVwTVvsh3tbXfkctZnBnjW5yu5z1/3k3SehF7TyoTIe78rJs02GMMy+LF+A==}
    engines: {node: '>=10'}
    dependencies:
      gaxios: 4.3.3
      json-bigint: 1.0.0
    transitivePeerDependencies:
      - encoding
      - supports-color
    dev: false

  /get-intrinsic/1.1.2:
    resolution: {integrity: sha512-Jfm3OyCxHh9DJyc28qGk+JmfkpO41A4XkneDSujN9MDXrm4oDKdHvndhZ2dN94+ERNfkYJWDclW6k2L/ZGHjXA==}
    dependencies:
      function-bind: 1.1.1
      has: 1.0.3
      has-symbols: 1.0.3
    dev: false

  /google-auth-library/7.14.1:
    resolution: {integrity: sha512-5Rk7iLNDFhFeBYc3s8l1CqzbEBcdhwR193RlD4vSNFajIcINKI8W8P0JLmBpwymHqqWbX34pJDQu39cSy/6RsA==}
    engines: {node: '>=10'}
    dependencies:
      arrify: 2.0.1
      base64-js: 1.5.1
      ecdsa-sig-formatter: 1.0.11
      fast-text-encoding: 1.0.4
      gaxios: 4.3.3
      gcp-metadata: 4.3.1
      gtoken: 5.3.2
      jws: 4.0.0
      lru-cache: 6.0.0
    transitivePeerDependencies:
      - encoding
      - supports-color
    dev: false

  /google-p12-pem/3.1.4:
    resolution: {integrity: sha512-HHuHmkLgwjdmVRngf5+gSmpkyaRI6QmOg77J8tkNBHhNEI62sGHyw4/+UkgyZEI7h84NbWprXDJ+sa3xOYFvTg==}
    engines: {node: '>=10'}
    hasBin: true
    dependencies:
      node-forge: 1.3.1
    dev: false

  /googleapis-common/5.1.0:
    resolution: {integrity: sha512-RXrif+Gzhq1QAzfjxulbGvAY3FPj8zq/CYcvgjzDbaBNCD6bUl+86I7mUs4DKWHGruuK26ijjR/eDpWIDgNROA==}
    engines: {node: '>=10.10.0'}
    dependencies:
      extend: 3.0.2
      gaxios: 4.3.3
      google-auth-library: 7.14.1
      qs: 6.11.0
      url-template: 2.0.8
      uuid: 8.3.2
    transitivePeerDependencies:
      - encoding
      - supports-color
    dev: false

  /gtoken/5.3.2:
    resolution: {integrity: sha512-gkvEKREW7dXWF8NV8pVrKfW7WqReAmjjkMBh6lNCCGOM4ucS0r0YyXXl0r/9Yj8wcW/32ISkfc8h5mPTDbtifQ==}
    engines: {node: '>=10'}
    dependencies:
      gaxios: 4.3.3
      google-p12-pem: 3.1.4
      jws: 4.0.0
    transitivePeerDependencies:
      - encoding
      - supports-color
    dev: false

  /has-flag/4.0.0:
    resolution: {integrity: sha512-EykJT/Q1KjTWctppgIAgfSO0tKVuZUjhgMr17kqTumMl6Afv3EISleU7qZUzoXDFTAHTDC4NOoG/ZxU3EvlMPQ==}
    engines: {node: '>=8'}
    dev: false

  /has-symbols/1.0.3:
    resolution: {integrity: sha512-l3LCuF6MgDNwTDKkdYGEihYjt5pRPbEg46rtlmnSPlUbgmB8LOIrKJbYYFBSbnPaJexMKtiPO8hmeRjRz2Td+A==}
    engines: {node: '>= 0.4'}
    dev: false

  /has/1.0.3:
    resolution: {integrity: sha512-f2dvO0VU6Oej7RkWJGrehjbzMAjFp5/VKPp5tTpWIV4JHHZK1/BxbFRtf/siA2SWTe09caDmVtYYzWEIbBS4zw==}
    engines: {node: '>= 0.4.0'}
    dependencies:
      function-bind: 1.1.1
    dev: false

  /htmlparser2/8.0.1:
    resolution: {integrity: sha512-4lVbmc1diZC7GUJQtRQ5yBAeUCL1exyMwmForWkRLnwyzWBFxN633SALPMGYaWZvKe9j1pRZJpauvmxENSp/EA==}
    dependencies:
      domelementtype: 2.3.0
      domhandler: 5.0.3
      domutils: 3.0.1
      entities: 4.3.1
    dev: false

  /https-proxy-agent/5.0.1:
    resolution: {integrity: sha512-dFcAjpTQFgoLMzC2VwU+C/CbS7uRL0lWmxDITmqm7C+7F0Odmj6s9l6alZc6AELXhrnggM2CeWSXHGOdX2YtwA==}
    engines: {node: '>= 6'}
    dependencies:
      agent-base: 6.0.2
      debug: 4.3.4
    transitivePeerDependencies:
      - supports-color
    dev: false

  /is-stream/2.0.1:
    resolution: {integrity: sha512-hFoiJiTl63nn+kstHGBtewWSKnQLpyb155KHheA1l39uvtO9nWIop1p3udqPcUd/xbF1VLMO4n7OI6p7RbngDg==}
    engines: {node: '>=8'}
    dev: false

  /json-bigint/1.0.0:
    resolution: {integrity: sha512-SiPv/8VpZuWbvLSMtTDU8hEfrZWg/mH/nV/b4o0CYbSxu1UIQPLdwKOCIyLQX+VIPO5vrLX3i8qtqFyhdPSUSQ==}
    dependencies:
      bignumber.js: 9.1.0
    dev: false

  /jwa/2.0.0:
    resolution: {integrity: sha512-jrZ2Qx916EA+fq9cEAeCROWPTfCwi1IVHqT2tapuqLEVVDKFDENFw1oL+MwrTvH6msKxsd1YTDVw6uKEcsrLEA==}
    dependencies:
      buffer-equal-constant-time: 1.0.1
      ecdsa-sig-formatter: 1.0.11
      safe-buffer: 5.2.1
    dev: false

  /jws/4.0.0:
    resolution: {integrity: sha512-KDncfTmOZoOMTFG4mBlG0qUIOlc03fmzH+ru6RgYVZhPkyiy/92Owlt/8UEN+a4TXR1FQetfIpJE8ApdvdVxTg==}
    dependencies:
      jwa: 2.0.0
      safe-buffer: 5.2.1
    dev: false

  /lru-cache/6.0.0:
    resolution: {integrity: sha512-Jo6dJ04CmSjuznwJSS3pUeWmd/H0ffTlkXXgwZi+eq1UCmqQwCh+eLsYOYCwY991i2Fah4h1BEMCx4qThGbsiA==}
    engines: {node: '>=10'}
    dependencies:
      yallist: 4.0.0
    dev: false

  /mime-db/1.52.0:
    resolution: {integrity: sha512-sPU4uV7dYlvtWJxwwxHD0PuihVNiE7TyAbQ5SWxDCB9mUYvOgroQOwYQQOKPJ8CIbE+1ETVlOoK1UC2nU3gYvg==}
    engines: {node: '>= 0.6'}
    dev: false

  /mime-types/2.1.35:
    resolution: {integrity: sha512-ZDY+bPm5zTTF+YpCrAU9nK0UgICYPT0QtT1NZWFv4s++TNkcgVaT0g6+4R2uI4MjQjzysHB1zxuWL50hzaeXiw==}
    engines: {node: '>= 0.6'}
    dependencies:
      mime-db: 1.52.0
    dev: false

  /ms/2.1.2:
    resolution: {integrity: sha512-sGkPx+VjMtmA6MX27oA4FBFELFCZZ4S4XqeGOXCv68tT+jb3vk/RyaKWP0PTKyWtmLSM0b+adUTEvbs1PEaH2w==}

  /node-fetch/2.6.7:
    resolution: {integrity: sha512-ZjMPFEfVx5j+y2yF35Kzx5sF7kDzxuDj6ziH4FFbOp87zKDZNx8yExJIb05OGF4Nlt9IHFIMBkRl41VdvcNdbQ==}
    engines: {node: 4.x || >=6.0.0}
    peerDependencies:
      encoding: ^0.1.0
    peerDependenciesMeta:
      encoding:
        optional: true
    dependencies:
      whatwg-url: 5.0.0
    dev: false

  /node-forge/1.3.1:
    resolution: {integrity: sha512-dPEtOeMvF9VMcYV/1Wb8CPoVAXtp6MKMlcbAt4ddqmGqUJ6fQZFXkNZNkNlfevtNkGtaSoXf/vNNNSvgrdXwtA==}
    engines: {node: '>= 6.13.0'}
    dev: false

  /nth-check/2.1.1:
    resolution: {integrity: sha512-lqjrjmaOoAnWfMmBPL+XNnynZh2+swxiX3WUE0s4yEHI6m+AwrK2UZOimIRl3X/4QctVqS8AiZjFqyOGrMXb/w==}
    dependencies:
      boolbase: 1.0.0
    dev: false

  /object-inspect/1.12.2:
    resolution: {integrity: sha512-z+cPxW0QGUp0mcqcsgQyLVRDoXFQbXOwBaqyF7VIgI4TWNQsDHrBpUQslRmIfAoYWdYzs6UlKJtB2XJpTaNSpQ==}
    dev: false

  /parse5-htmlparser2-tree-adapter/7.0.0:
    resolution: {integrity: sha512-B77tOZrqqfUfnVcOrUvfdLbz4pu4RopLD/4vmu3HUPswwTA8OH0EMW9BlWR2B0RCoiZRAHEUu7IxeP1Pd1UU+g==}
    dependencies:
      domhandler: 5.0.3
      parse5: 7.0.0
    dev: false

  /parse5/7.0.0:
    resolution: {integrity: sha512-y/t8IXSPWTuRZqXc0ajH/UwDj4mnqLEbSttNbThcFhGrZuOyoyvNBO85PBp2jQa55wY9d07PBNjsK8ZP3K5U6g==}
    dependencies:
      entities: 4.3.1
    dev: false

  /pirates/4.0.5:
    resolution: {integrity: sha512-8V9+HQPupnaXMA23c5hvl69zXvTwTzyAYasnkb0Tts4XvO4CliqONMOnvlq26rkhLC3nWDFBJf73LU1e1VZLaQ==}
    engines: {node: '>= 6'}
    dev: true

  /qs/6.11.0:
    resolution: {integrity: sha512-MvjoMCJwEarSbUYk5O+nmoSzSutSsTwF85zcHPQ9OrlFoZOYIjaqBAJIqIXjptyD5vThxGq52Xu/MaJzRkIk4Q==}
    engines: {node: '>=0.6'}
    dependencies:
      side-channel: 1.0.4
    dev: false

  /safe-buffer/5.2.1:
    resolution: {integrity: sha512-rp3So07KcdmmKbGvgaNxQSJr7bGVSVk5S9Eq1F+ppbRo70+YeaDxkw5Dd8NPN+GD6bjnYm2VuPuCXmpuYvmCXQ==}
    dev: false

  /side-channel/1.0.4:
    resolution: {integrity: sha512-q5XPytqFEIKHkGdiMIrY10mvLRvnQh42/+GoBlFW3b2LXLE2xxJpZFdm94we0BaoV3RwJyGqg5wS7epxTv0Zvw==}
    dependencies:
      call-bind: 1.0.2
      get-intrinsic: 1.1.2
      object-inspect: 1.12.2
    dev: false

  /source-map-support/0.5.21:
    resolution: {integrity: sha512-uBHU3L3czsIyYXKX88fdrGovxdSCoTGDRZ6SYXtSRxLZUzHg5P/66Ht6uoUlHu9EZod+inXhKo3qQgwXUT/y1w==}
    dependencies:
      buffer-from: 1.1.2
      source-map: 0.6.1
    dev: true

  /source-map/0.6.1:
    resolution: {integrity: sha512-UjgapumWlbMhkBgzT7Ykc5YXUT46F0iKu8SGXq0bcwP5dz/h0Plj6enJqjz1Zbq2l5WaqYnrVbwWOWMyF3F47g==}
    engines: {node: '>=0.10.0'}
    dev: true

  /supports-color/7.2.0:
    resolution: {integrity: sha512-qpCAvRl9stuOHveKsn7HncJRvv501qIacKzQlO/+Lwxc9+0q2wLyv4Dfvt80/DPn2pqOBsJdDiogXGR9+OvwRw==}
    engines: {node: '>=8'}
    dependencies:
      has-flag: 4.0.0
    dev: false

  /tr46/0.0.3:
    resolution: {integrity: sha512-N3WMsuqV66lT30CrXNbEjx4GEwlow3v6rr4mCcv6prnfwhS01rkgyFdjPNBYd9br7LpXV1+Emh01fHnq2Gdgrw==}
    dev: false

  /tslib/2.4.0:
    resolution: {integrity: sha512-d6xOpEDfsi2CZVlPQzGeux8XMwLT9hssAsaPYExaQMuYskwb+x1x7J371tWlbBdWHroy99KnVB6qIkUbs5X3UQ==}
    dev: true

  /typescript/4.7.4:
    resolution: {integrity: sha512-C0WQT0gezHuw6AdY1M2jxUO83Rjf0HP7Sk1DtXj6j1EwkQNZrHAg2XPWlq62oqEhYvONq5pkC2Y9oPljWToLmQ==}
    engines: {node: '>=4.2.0'}
    hasBin: true
    dev: true

  /url-template/2.0.8:
    resolution: {integrity: sha512-XdVKMF4SJ0nP/O7XIPB0JwAEuT9lDIYnNsK8yGVe43y0AWoKeJNdv3ZNWh7ksJ6KqQFjOO6ox/VEitLnaVNufw==}
    dev: false

  /uuid/8.3.2:
    resolution: {integrity: sha512-+NYs2QeMWy+GWFOEm9xnn6HCDp0l7QBD7ml8zLUmJ+93Q5NF0NocErnwkTkXVFNiX3/fpC6afS8Dhb/gz7R7eg==}
    hasBin: true
    dev: false

  /webidl-conversions/3.0.1:
    resolution: {integrity: sha512-2JAn3z8AR6rjK8Sm8orRC0h/bcl/DqL7tRPdGZ4I1CjdF+EaMLmYxBHyXuKL849eucPFhvBoxMsflfOb8kxaeQ==}
    dev: false

  /whatwg-url/5.0.0:
    resolution: {integrity: sha512-saE57nupxk6v3HY35+jzBwYa0rKSy0XR8JSxZPwgLr7ys0IBzhGviA1/TUGJLmSVqs8pb9AnvICXEuOHLprYTw==}
    dependencies:
      tr46: 0.0.3
      webidl-conversions: 3.0.1
    dev: false

  /yallist/4.0.0:
    resolution: {integrity: sha512-3wdGidZyq5PB084XLES5TpOSRA3wjXAlIWMhum2kRcv/41Sn2emQ0dycQW4uZXLejwKvg6EsvbdlVL+FYEct7A==}
    dev: false
